// !$*UTF8*$!
{
	archiveVersion = 1;
	classes = {
	};
	objectVersion = 50;
	objects = {

/* Begin PBXBuildFile section */
		A8104A9723A97D850079B987 /* AppDelegate.swift in Sources */ = {isa = PBXBuildFile; fileRef = A8104A9623A97D850079B987 /* AppDelegate.swift */; };
		A8104A9923A97D850079B987 /* SceneDelegate.swift in Sources */ = {isa = PBXBuildFile; fileRef = A8104A9823A97D850079B987 /* SceneDelegate.swift */; };
		A8104A9B23A97D850079B987 /* ContentView.swift in Sources */ = {isa = PBXBuildFile; fileRef = A8104A9A23A97D850079B987 /* ContentView.swift */; };
		A8104A9D23A97D8A0079B987 /* Assets.xcassets in Resources */ = {isa = PBXBuildFile; fileRef = A8104A9C23A97D8A0079B987 /* Assets.xcassets */; };
		A8104AA023A97D8A0079B987 /* Preview Assets.xcassets in Resources */ = {isa = PBXBuildFile; fileRef = A8104A9F23A97D8A0079B987 /* Preview Assets.xcassets */; };
		A8104AA323A97D8A0079B987 /* LaunchScreen.storyboard in Resources */ = {isa = PBXBuildFile; fileRef = A8104AA123A97D8A0079B987 /* LaunchScreen.storyboard */; };
/* End PBXBuildFile section */

/* Begin PBXFileReference section */
		A8104A9323A97D850079B987 /* PokéRoster.app */ = {isa = PBXFileReference; explicitFileType = wrapper.application; includeInIndex = 0; path = "PokéRoster.app"; sourceTree = BUILT_PRODUCTS_DIR; };
		A8104A9623A97D850079B987 /* AppDelegate.swift */ = {isa = PBXFileReference; lastKnownFileType = sourcecode.swift; path = AppDelegate.swift; sourceTree = "<group>"; };
		A8104A9823A97D850079B987 /* SceneDelegate.swift */ = {isa = PBXFileReference; lastKnownFileType = sourcecode.swift; path = SceneDelegate.swift; sourceTree = "<group>"; };
		A8104A9A23A97D850079B987 /* ContentView.swift */ = {isa = PBXFileReference; lastKnownFileType = sourcecode.swift; path = ContentView.swift; sourceTree = "<group>"; };
		A8104A9C23A97D8A0079B987 /* Assets.xcassets */ = {isa = PBXFileReference; lastKnownFileType = folder.assetcatalog; path = Assets.xcassets; sourceTree = "<group>"; };
		A8104A9F23A97D8A0079B987 /* Preview Assets.xcassets */ = {isa = PBXFileReference; lastKnownFileType = folder.assetcatalog; path = "Preview Assets.xcassets"; sourceTree = "<group>"; };
		A8104AA223A97D8A0079B987 /* Base */ = {isa = PBXFileReference; lastKnownFileType = file.storyboard; name = Base; path = Base.lproj/LaunchScreen.storyboard; sourceTree = "<group>"; };
		A8104AA423A97D8A0079B987 /* Info.plist */ = {isa = PBXFileReference; lastKnownFileType = text.plist.xml; path = Info.plist; sourceTree = "<group>"; };
/* End PBXFileReference section */

/* Begin PBXFrameworksBuildPhase section */
		A8104A9023A97D850079B987 /* Frameworks */ = {
			isa = PBXFrameworksBuildPhase;
			buildActionMask = 2147483647;
			files = (
			);
			runOnlyForDeploymentPostprocessing = 0;
		};
/* End PBXFrameworksBuildPhase section */

/* Begin PBXGroup section */
		A8104A8A23A97D850079B987 = {
			isa = PBXGroup;
			children = (
				A8104A9523A97D850079B987 /* PokéRoster */,
				A8104A9423A97D850079B987 /* Products */,
			);
			sourceTree = "<group>";
		};
		A8104A9423A97D850079B987 /* Products */ = {
			isa = PBXGroup;
			children = (
				A8104A9323A97D850079B987 /* PokéRoster.app */,
			);
			name = Products;
			sourceTree = "<group>";
		};
		A8104A9523A97D850079B987 /* PokéRoster */ = {
			isa = PBXGroup;
			children = (
				A8104A9623A97D850079B987 /* AppDelegate.swift */,
				A8104A9823A97D850079B987 /* SceneDelegate.swift */,
				A8104A9A23A97D850079B987 /* ContentView.swift */,
				A8104A9C23A97D8A0079B987 /* Assets.xcassets */,
				A8104AA123A97D8A0079B987 /* LaunchScreen.storyboard */,
				A8104AA423A97D8A0079B987 /* Info.plist */,
				A8104A9E23A97D8A0079B987 /* Preview Content */,
			);
			path = "PokéRoster";
			sourceTree = "<group>";
		};
		A8104A9E23A97D8A0079B987 /* Preview Content */ = {
			isa = PBXGroup;
			children = (
				A8104A9F23A97D8A0079B987 /* Preview Assets.xcassets */,
			);
			path = "Preview Content";
			sourceTree = "<group>";
		};
/* End PBXGroup section */

/* Begin PBXNativeTarget section */
		A8104A9223A97D850079B987 /* PokéRoster */ = {
			isa = PBXNativeTarget;
			buildConfigurationList = A8104AA723A97D8A0079B987 /* Build configuration list for PBXNativeTarget "PokéRoster" */;
			buildPhases = (
				A8104A8F23A97D850079B987 /* Sources */,
				A8104A9023A97D850079B987 /* Frameworks */,
				A8104A9123A97D850079B987 /* Resources */,
			);
			buildRules = (
			);
			dependencies = (
			);
			name = "PokéRoster";
			productName = "PokéRoster";
			productReference = A8104A9323A97D850079B987 /* PokéRoster.app */;
			productType = "com.apple.product-type.application";
		};
/* End PBXNativeTarget section */

/* Begin PBXProject section */
		A8104A8B23A97D850079B987 /* Project object */ = {
			isa = PBXProject;
			attributes = {
				LastSwiftUpdateCheck = 1130;
				LastUpgradeCheck = 1130;
				ORGANIZATIONNAME = "Liam Smith";
				TargetAttributes = {
					A8104A9223A97D850079B987 = {
						CreatedOnToolsVersion = 11.3;
					};
				};
			};
			buildConfigurationList = A8104A8E23A97D850079B987 /* Build configuration list for PBXProject "PokéRoster" */;
			compatibilityVersion = "Xcode 9.3";
			developmentRegion = en;
			hasScannedForEncodings = 0;
			knownRegions = (
				en,
				Base,
			);
			mainGroup = A8104A8A23A97D850079B987;
			productRefGroup = A8104A9423A97D850079B987 /* Products */;
			projectDirPath = "";
			projectRoot = "";
			targets = (
				A8104A9223A97D850079B987 /* PokéRoster */,
			);
		};
/* End PBXProject section */

/* Begin PBXResourcesBuildPhase section */
		A8104A9123A97D850079B987 /* Resources */ = {
			isa = PBXResourcesBuildPhase;
			buildActionMask = 2147483647;
			files = (
				A8104AA323A97D8A0079B987 /* LaunchScreen.storyboard in Resources */,
				A8104AA023A97D8A0079B987 /* Preview Assets.xcassets in Resources */,
				A8104A9D23A97D8A0079B987 /* Assets.xcassets in Resources */,
			);
			runOnlyForDeploymentPostprocessing = 0;
		};
/* End PBXResourcesBuildPhase section */

/* Begin PBXSourcesBuildPhase section */
		A8104A8F23A97D850079B987 /* Sources */ = {
			isa = PBXSourcesBuildPhase;
			buildActionMask = 2147483647;
			files = (
				A8104A9723A97D850079B987 /* AppDelegate.swift in Sources */,
				A8104A9923A97D850079B987 /* SceneDelegate.swift in Sources */,
				A8104A9B23A97D850079B987 /* ContentView.swift in Sources */,
			);
			runOnlyForDeploymentPostprocessing = 0;
		};
/* End PBXSourcesBuildPhase section */

/* Begin PBXVariantGroup section */
		A8104AA123A97D8A0079B987 /* LaunchScreen.storyboard */ = {
			isa = PBXVariantGroup;
			children = (
				A8104AA223A97D8A0079B987 /* Base */,
			);
			name = LaunchScreen.storyboard;
			sourceTree = "<group>";
		};
/* End PBXVariantGroup section */

/* Begin XCBuildConfiguration section */
		A8104AA523A97D8A0079B987 /* Debug */ = {
			isa = XCBuildConfiguration;
			buildSettings = {
				ALWAYS_SEARCH_USER_PATHS = NO;
				CLANG_ANALYZER_NONNULL = YES;
				CLANG_ANALYZER_NUMBER_OBJECT_CONVERSION = YES_AGGRESSIVE;
				CLANG_CXX_LANGUAGE_STANDARD = "gnu++14";
				CLANG_CXX_LIBRARY = "libc++";
				CLANG_ENABLE_MODULES = YES;
				CLANG_ENABLE_OBJC_ARC = YES;
				CLANG_ENABLE_OBJC_WEAK = YES;
				CLANG_WARN_BLOCK_CAPTURE_AUTORELEASING = YES;
				CLANG_WARN_BOOL_CONVERSION = YES;
				CLANG_WARN_COMMA = YES;
				CLANG_WARN_CONSTANT_CONVERSION = YES;
				CLANG_WARN_DEPRECATED_OBJC_IMPLEMENTATIONS = YES;
				CLANG_WARN_DIRECT_OBJC_ISA_USAGE = YES_ERROR;
				CLANG_WARN_DOCUMENTATION_COMMENTS = YES;
				CLANG_WARN_EMPTY_BODY = YES;
				CLANG_WARN_ENUM_CONVERSION = YES;
				CLANG_WARN_INFINITE_RECURSION = YES;
				CLANG_WARN_INT_CONVERSION = YES;
				CLANG_WARN_NON_LITERAL_NULL_CONVERSION = YES;
				CLANG_WARN_OBJC_IMPLICIT_RETAIN_SELF = YES;
				CLANG_WARN_OBJC_LITERAL_CONVERSION = YES;
				CLANG_WARN_OBJC_ROOT_CLASS = YES_ERROR;
				CLANG_WARN_RANGE_LOOP_ANALYSIS = YES;
				CLANG_WARN_STRICT_PROTOTYPES = YES;
				CLANG_WARN_SUSPICIOUS_MOVE = YES;
				CLANG_WARN_UNGUARDED_AVAILABILITY = YES_AGGRESSIVE;
				CLANG_WARN_UNREACHABLE_CODE = YES;
				CLANG_WARN__DUPLICATE_METHOD_MATCH = YES;
				COPY_PHASE_STRIP = NO;
				DEBUG_INFORMATION_FORMAT = dwarf;
				ENABLE_STRICT_OBJC_MSGSEND = YES;
				ENABLE_TESTABILITY = YES;
				GCC_C_LANGUAGE_STANDARD = gnu11;
				GCC_DYNAMIC_NO_PIC = NO;
				GCC_NO_COMMON_BLOCKS = YES;
				GCC_OPTIMIZATION_LEVEL = 0;
				GCC_PREPROCESSOR_DEFINITIONS = (
					"DEBUG=1",
					"$(inherited)",
				);
				GCC_WARN_64_TO_32_BIT_CONVERSION = YES;
				GCC_WARN_ABOUT_RETURN_TYPE = YES_ERROR;
				GCC_WARN_UNDECLARED_SELECTOR = YES;
				GCC_WARN_UNINITIALIZED_AUTOS = YES_AGGRESSIVE;
				GCC_WARN_UNUSED_FUNCTION = YES;
				GCC_WARN_UNUSED_VARIABLE = YES;
				IPHONEOS_DEPLOYMENT_TARGET = 13.2;
				MTL_ENABLE_DEBUG_INFO = INCLUDE_SOURCE;
				MTL_FAST_MATH = YES;
				ONLY_ACTIVE_ARCH = YES;
				SDKROOT = iphoneos;
				SWIFT_ACTIVE_COMPILATION_CONDITIONS = DEBUG;
				SWIFT_OPTIMIZATION_LEVEL = "-Onone";
			};
			name = Debug;
		};
		A8104AA623A97D8A0079B987 /* Release */ = {
			isa = XCBuildConfiguration;
			buildSettings = {
				ALWAYS_SEARCH_USER_PATHS = NO;
				CLANG_ANALYZER_NONNULL = YES;
				CLANG_ANALYZER_NUMBER_OBJECT_CONVERSION = YES_AGGRESSIVE;
				CLANG_CXX_LANGUAGE_STANDARD = "gnu++14";
				CLANG_CXX_LIBRARY = "libc++";
				CLANG_ENABLE_MODULES = YES;
				CLANG_ENABLE_OBJC_ARC = YES;
				CLANG_ENABLE_OBJC_WEAK = YES;
				CLANG_WARN_BLOCK_CAPTURE_AUTORELEASING = YES;
				CLANG_WARN_BOOL_CONVERSION = YES;
				CLANG_WARN_COMMA = YES;
				CLANG_WARN_CONSTANT_CONVERSION = YES;
				CLANG_WARN_DEPRECATED_OBJC_IMPLEMENTATIONS = YES;
				CLANG_WARN_DIRECT_OBJC_ISA_USAGE = YES_ERROR;
				CLANG_WARN_DOCUMENTATION_COMMENTS = YES;
				CLANG_WARN_EMPTY_BODY = YES;
				CLANG_WARN_ENUM_CONVERSION = YES;
				CLANG_WARN_INFINITE_RECURSION = YES;
				CLANG_WARN_INT_CONVERSION = YES;
				CLANG_WARN_NON_LITERAL_NULL_CONVERSION = YES;
				CLANG_WARN_OBJC_IMPLICIT_RETAIN_SELF = YES;
				CLANG_WARN_OBJC_LITERAL_CONVERSION = YES;
				CLANG_WARN_OBJC_ROOT_CLASS = YES_ERROR;
				CLANG_WARN_RANGE_LOOP_ANALYSIS = YES;
				CLANG_WARN_STRICT_PROTOTYPES = YES;
				CLANG_WARN_SUSPICIOUS_MOVE = YES;
				CLANG_WARN_UNGUARDED_AVAILABILITY = YES_AGGRESSIVE;
				CLANG_WARN_UNREACHABLE_CODE = YES;
				CLANG_WARN__DUPLICATE_METHOD_MATCH = YES;
				COPY_PHASE_STRIP = NO;
				DEBUG_INFORMATION_FORMAT = "dwarf-with-dsym";
				ENABLE_NS_ASSERTIONS = NO;
				ENABLE_STRICT_OBJC_MSGSEND = YES;
				GCC_C_LANGUAGE_STANDARD = gnu11;
				GCC_NO_COMMON_BLOCKS = YES;
				GCC_WARN_64_TO_32_BIT_CONVERSION = YES;
				GCC_WARN_ABOUT_RETURN_TYPE = YES_ERROR;
				GCC_WARN_UNDECLARED_SELECTOR = YES;
				GCC_WARN_UNINITIALIZED_AUTOS = YES_AGGRESSIVE;
				GCC_WARN_UNUSED_FUNCTION = YES;
				GCC_WARN_UNUSED_VARIABLE = YES;
				IPHONEOS_DEPLOYMENT_TARGET = 13.2;
				MTL_ENABLE_DEBUG_INFO = NO;
				MTL_FAST_MATH = YES;
				SDKROOT = iphoneos;
				SWIFT_COMPILATION_MODE = wholemodule;
				SWIFT_OPTIMIZATION_LEVEL = "-O";
				VALIDATE_PRODUCT = YES;
			};
			name = Release;
		};
		A8104AA823A97D8A0079B987 /* Debug */ = {
			isa = XCBuildConfiguration;
			buildSettings = {
				ASSETCATALOG_COMPILER_APPICON_NAME = AppIcon;
				CODE_SIGN_STYLE = Automatic;
				DEVELOPMENT_ASSET_PATHS = "\"PokéRoster/Preview Content\"";
				DEVELOPMENT_TEAM = 3MG7YQ4U8V;
				ENABLE_PREVIEWS = YES;
				INFOPLIST_FILE = "PokéRoster/Info.plist";
				LD_RUNPATH_SEARCH_PATHS = (
					"$(inherited)",
					"@executable_path/Frameworks",
				);
				PRODUCT_BUNDLE_IDENTIFIER = "com.tri-divide.Poke-Roster";
				PRODUCT_NAME = "$(TARGET_NAME)";
				SWIFT_VERSION = 5.0;
				TARGETED_DEVICE_FAMILY = "1,2";
			};
			name = Debug;
		};
		A8104AA923A97D8A0079B987 /* Release */ = {
			isa = XCBuildConfiguration;
			buildSettings = {
				ASSETCATALOG_COMPILER_APPICON_NAME = AppIcon;
				CODE_SIGN_STYLE = Automatic;
				DEVELOPMENT_ASSET_PATHS = "\"PokéRoster/Preview Content\"";
				DEVELOPMENT_TEAM = 3MG7YQ4U8V;
				ENABLE_PREVIEWS = YES;
				INFOPLIST_FILE = "PokéRoster/Info.plist";
				LD_RUNPATH_SEARCH_PATHS = (
					"$(inherited)",
					"@executable_path/Frameworks",
				);
				PRODUCT_BUNDLE_IDENTIFIER = "com.tri-divide.Poke-Roster";
				PRODUCT_NAME = "$(TARGET_NAME)";
				SWIFT_VERSION = 5.0;
				TARGETED_DEVICE_FAMILY = "1,2";
			};
			name = Release;
		};
/* End XCBuildConfiguration section */

/* Begin XCConfigurationList section */
		A8104A8E23A97D850079B987 /* Build configuration list for PBXProject "PokéRoster" */ = {
			isa = XCConfigurationList;
			buildConfigurations = (
				A8104AA523A97D8A0079B987 /* Debug */,
				A8104AA623A97D8A0079B987 /* Release */,
			);
			defaultConfigurationIsVisible = 0;
			defaultConfigurationName = Release;
		};
		A8104AA723A97D8A0079B987 /* Build configuration list for PBXNativeTarget "PokéRoster" */ = {
			isa = XCConfigurationList;
			buildConfigurations = (
				A8104AA823A97D8A0079B987 /* Debug */,
				A8104AA923A97D8A0079B987 /* Release */,
			);
			defaultConfigurationIsVisible = 0;
			defaultConfigurationName = Release;
		};
/* End XCConfigurationList section */
	};
	rootObject = A8104A8B23A97D850079B987 /* Project object */;
}
